// !$*UTF8*$!
{
	archiveVersion = 1;
	classes = {
	};
	objectVersion = 46;
	objects = {

/* Begin PBXBuildFile section */
		B67AA64D1A784A1100B734FE /* main.m in Sources */ = {isa = PBXBuildFile; fileRef = B67AA64C1A784A1100B734FE /* main.m */; };
		B67AA6501A784A1100B734FE /* AppDelegate.m in Sources */ = {isa = PBXBuildFile; fileRef = B67AA64F1A784A1100B734FE /* AppDelegate.m */; };
		B67AA6531A784A1100B734FE /* MasterViewController.m in Sources */ = {isa = PBXBuildFile; fileRef = B67AA6521A784A1100B734FE /* MasterViewController.m */; };
		B67AA6561A784A1100B734FE /* DetailViewController.m in Sources */ = {isa = PBXBuildFile; fileRef = B67AA6551A784A1100B734FE /* DetailViewController.m */; };
		B67AA6591A784A1100B734FE /* Main.storyboard in Resources */ = {isa = PBXBuildFile; fileRef = B67AA6571A784A1100B734FE /* Main.storyboard */; };
		B67AA65B1A784A1100B734FE /* Images.xcassets in Resources */ = {isa = PBXBuildFile; fileRef = B67AA65A1A784A1100B734FE /* Images.xcassets */; };
		B67AA66A1A784A1100B734FE /* VSMessageStorageTests.m in Sources */ = {isa = PBXBuildFile; fileRef = B67AA6691A784A1100B734FE /* VSMessageStorageTests.m */; };
		B67AA6771A784FE800B734FE /* MessagesData.m in Sources */ = {isa = PBXBuildFile; fileRef = B67AA6761A784FE800B734FE /* MessagesData.m */; };
		B67AA67A1A78541E00B734FE /* MessagesDoc.m in Sources */ = {isa = PBXBuildFile; fileRef = B67AA6791A78541E00B734FE /* MessagesDoc.m */; };
		B67AA72A1A7B07E300B734FE /* voltage_logo.png in Resources */ = {isa = PBXBuildFile; fileRef = B67AA7291A7B07E300B734FE /* voltage_logo.png */; };
		B67AA7331A7B118000B734FE /* LaunchScreenTest.xib in Resources */ = {isa = PBXBuildFile; fileRef = B67AA7311A7B118000B734FE /* LaunchScreenTest.xib */; };
		B67AA7371A7B13A700B734FE /* LaunchScreen.png in Resources */ = {isa = PBXBuildFile; fileRef = B67AA7361A7B13A700B734FE /* LaunchScreen.png */; };
		B67AA7451A7B16B900B734FE /* SVIndefiniteAnimatedView.m in Sources */ = {isa = PBXBuildFile; fileRef = B67AA7401A7B16B900B734FE /* SVIndefiniteAnimatedView.m */; };
		B67AA7461A7B16B900B734FE /* SVProgressHUD.bundle in Resources */ = {isa = PBXBuildFile; fileRef = B67AA7421A7B16B900B734FE /* SVProgressHUD.bundle */; };
		B67AA7471A7B16B900B734FE /* SVProgressHUD.m in Sources */ = {isa = PBXBuildFile; fileRef = B67AA7441A7B16B900B734FE /* SVProgressHUD.m */; };
		B67AA7541A7B499E00B734FE /* single_recipient.bundle in Resources */ = {isa = PBXBuildFile; fileRef = B67AA7531A7B499E00B734FE /* single_recipient.bundle */; };
		B67AA7571A7B4CC700B734FE /* multiple_recipient.bundle in Resources */ = {isa = PBXBuildFile; fileRef = B67AA7561A7B4CC700B734FE /* multiple_recipient.bundle */; };
		B67AA7591A7BF30D00B734FE /* multi_recip_attach.bundle in Resources */ = {isa = PBXBuildFile; fileRef = B67AA7581A7BF30D00B734FE /* multi_recip_attach.bundle */; };
/* End PBXBuildFile section */

/* Begin PBXContainerItemProxy section */
		B67AA6641A784A1100B734FE /* PBXContainerItemProxy */ = {
			isa = PBXContainerItemProxy;
			containerPortal = B67AA63F1A784A1100B734FE /* Project object */;
			proxyType = 1;
			remoteGlobalIDString = B67AA6461A784A1100B734FE;
			remoteInfo = VSMessageStorage;
		};
/* End PBXContainerItemProxy section */

/* Begin PBXFileReference section */
		B67AA6471A784A1100B734FE /* ZDM Helper.app */ = {isa = PBXFileReference; explicitFileType = wrapper.application; includeInIndex = 0; path = "ZDM Helper.app"; sourceTree = BUILT_PRODUCTS_DIR; };
		B67AA64B1A784A1100B734FE /* Info.plist */ = {isa = PBXFileReference; lastKnownFileType = text.plist.xml; path = Info.plist; sourceTree = "<group>"; };
		B67AA64C1A784A1100B734FE /* main.m */ = {isa = PBXFileReference; lastKnownFileType = sourcecode.c.objc; path = main.m; sourceTree = "<group>"; };
		B67AA64E1A784A1100B734FE /* AppDelegate.h */ = {isa = PBXFileReference; lastKnownFileType = sourcecode.c.h; name = AppDelegate.h; path = VSMessageStorage/AppDelegate.h; sourceTree = "<group>"; };
		B67AA64F1A784A1100B734FE /* AppDelegate.m */ = {isa = PBXFileReference; lastKnownFileType = sourcecode.c.objc; name = AppDelegate.m; path = VSMessageStorage/AppDelegate.m; sourceTree = "<group>"; };
		B67AA6511A784A1100B734FE /* MasterViewController.h */ = {isa = PBXFileReference; lastKnownFileType = sourcecode.c.h; name = MasterViewController.h; path = VSMessageStorage/MasterViewController.h; sourceTree = "<group>"; };
		B67AA6521A784A1100B734FE /* MasterViewController.m */ = {isa = PBXFileReference; lastKnownFileType = sourcecode.c.objc; name = MasterViewController.m; path = VSMessageStorage/MasterViewController.m; sourceTree = "<group>"; };
		B67AA6541A784A1100B734FE /* DetailViewController.h */ = {isa = PBXFileReference; lastKnownFileType = sourcecode.c.h; name = DetailViewController.h; path = VSMessageStorage/DetailViewController.h; sourceTree = "<group>"; };
		B67AA6551A784A1100B734FE /* DetailViewController.m */ = {isa = PBXFileReference; lastKnownFileType = sourcecode.c.objc; name = DetailViewController.m; path = /Users/usman/Xcode/VSMessageStorage/VSMessageStorage/DetailViewController.m; sourceTree = "<absolute>"; };
		B67AA6581A784A1100B734FE /* Base */ = {isa = PBXFileReference; lastKnownFileType = file.storyboard; name = Base; path = Base.lproj/Main.storyboard; sourceTree = "<group>"; };
		B67AA65A1A784A1100B734FE /* Images.xcassets */ = {isa = PBXFileReference; lastKnownFileType = folder.assetcatalog; path = Images.xcassets; sourceTree = "<group>"; };
		B67AA6631A784A1100B734FE /* ZDM HelperTests.xctest */ = {isa = PBXFileReference; explicitFileType = wrapper.cfbundle; includeInIndex = 0; path = "ZDM HelperTests.xctest"; sourceTree = BUILT_PRODUCTS_DIR; };
		B67AA6681A784A1100B734FE /* Info.plist */ = {isa = PBXFileReference; lastKnownFileType = text.plist.xml; path = Info.plist; sourceTree = "<group>"; };
		B67AA6691A784A1100B734FE /* VSMessageStorageTests.m */ = {isa = PBXFileReference; lastKnownFileType = sourcecode.c.objc; path = VSMessageStorageTests.m; sourceTree = "<group>"; };
		B67AA6751A784FE800B734FE /* MessagesData.h */ = {isa = PBXFileReference; fileEncoding = 4; lastKnownFileType = sourcecode.c.h; path = MessagesData.h; sourceTree = "<group>"; };
		B67AA6761A784FE800B734FE /* MessagesData.m */ = {isa = PBXFileReference; fileEncoding = 4; lastKnownFileType = sourcecode.c.objc; path = MessagesData.m; sourceTree = "<group>"; };
		B67AA6781A78541E00B734FE /* MessagesDoc.h */ = {isa = PBXFileReference; fileEncoding = 4; lastKnownFileType = sourcecode.c.h; path = MessagesDoc.h; sourceTree = "<group>"; };
		B67AA6791A78541E00B734FE /* MessagesDoc.m */ = {isa = PBXFileReference; fileEncoding = 4; lastKnownFileType = sourcecode.c.objc; path = MessagesDoc.m; sourceTree = "<group>"; };
		B67AA7291A7B07E300B734FE /* voltage_logo.png */ = {isa = PBXFileReference; lastKnownFileType = image.png; path = voltage_logo.png; sourceTree = "<group>"; };
		B67AA7321A7B118000B734FE /* Base */ = {isa = PBXFileReference; lastKnownFileType = file.xib; name = Base; path = VSMessageStorage/Base.lproj/LaunchScreenTest.xib; sourceTree = "<group>"; };
		B67AA7361A7B13A700B734FE /* LaunchScreen.png */ = {isa = PBXFileReference; lastKnownFileType = image.png; path = LaunchScreen.png; sourceTree = "<group>"; };
		B67AA73F1A7B16B900B734FE /* SVIndefiniteAnimatedView.h */ = {isa = PBXFileReference; fileEncoding = 4; lastKnownFileType = sourcecode.c.h; path = SVIndefiniteAnimatedView.h; sourceTree = "<group>"; };
		B67AA7401A7B16B900B734FE /* SVIndefiniteAnimatedView.m */ = {isa = PBXFileReference; fileEncoding = 4; lastKnownFileType = sourcecode.c.objc; path = SVIndefiniteAnimatedView.m; sourceTree = "<group>"; };
		B67AA7411A7B16B900B734FE /* SVProgressHUD-Prefix.pch */ = {isa = PBXFileReference; fileEncoding = 4; lastKnownFileType = sourcecode.c.h; path = "SVProgressHUD-Prefix.pch"; sourceTree = "<group>"; };
		B67AA7421A7B16B900B734FE /* SVProgressHUD.bundle */ = {isa = PBXFileReference; lastKnownFileType = "wrapper.plug-in"; path = SVProgressHUD.bundle; sourceTree = "<group>"; };
		B67AA7431A7B16B900B734FE /* SVProgressHUD.h */ = {isa = PBXFileReference; fileEncoding = 4; lastKnownFileType = sourcecode.c.h; path = SVProgressHUD.h; sourceTree = "<group>"; };
		B67AA7441A7B16B900B734FE /* SVProgressHUD.m */ = {isa = PBXFileReference; fileEncoding = 4; lastKnownFileType = sourcecode.c.objc; path = SVProgressHUD.m; sourceTree = "<group>"; };
		B67AA7531A7B499E00B734FE /* single_recipient.bundle */ = {isa = PBXFileReference; lastKnownFileType = "wrapper.plug-in"; path = single_recipient.bundle; sourceTree = "<group>"; };
		B67AA7561A7B4CC700B734FE /* multiple_recipient.bundle */ = {isa = PBXFileReference; lastKnownFileType = "wrapper.plug-in"; path = multiple_recipient.bundle; sourceTree = "<group>"; };
		B67AA7581A7BF30D00B734FE /* multi_recip_attach.bundle */ = {isa = PBXFileReference; lastKnownFileType = "wrapper.plug-in"; path = multi_recip_attach.bundle; sourceTree = "<group>"; };
/* End PBXFileReference section */

/* Begin PBXFrameworksBuildPhase section */
		B67AA6441A784A1100B734FE /* Frameworks */ = {
			isa = PBXFrameworksBuildPhase;
			buildActionMask = 2147483647;
			files = (
			);
			runOnlyForDeploymentPostprocessing = 0;
		};
		B67AA6601A784A1100B734FE /* Frameworks */ = {
			isa = PBXFrameworksBuildPhase;
			buildActionMask = 2147483647;
			files = (
			);
			runOnlyForDeploymentPostprocessing = 0;
		};
/* End PBXFrameworksBuildPhase section */

/* Begin PBXGroup section */
		B67AA63E1A784A1100B734FE = {
			isa = PBXGroup;
			children = (
				B67AA7581A7BF30D00B734FE /* multi_recip_attach.bundle */,
				B67AA7561A7B4CC700B734FE /* multiple_recipient.bundle */,
				B67AA7531A7B499E00B734FE /* single_recipient.bundle */,
				B67AA73E1A7B16B900B734FE /* SVProgressHUD */,
				B67AA71E1A7B033E00B734FE /* Art */,
				B67AA6741A784F3600B734FE /* Model */,
				B67AA6731A784EEB00B734FE /* GUI */,
				B67AA6491A784A1100B734FE /* VSMessageStorage */,
				B67AA6661A784A1100B734FE /* VSMessageStorageTests */,
				B67AA6481A784A1100B734FE /* Products */,
			);
			sourceTree = "<group>";
		};
		B67AA6481A784A1100B734FE /* Products */ = {
			isa = PBXGroup;
			children = (
				B67AA6471A784A1100B734FE /* ZDM Helper.app */,
				B67AA6631A784A1100B734FE /* ZDM HelperTests.xctest */,
			);
			name = Products;
			sourceTree = "<group>";
		};
		B67AA6491A784A1100B734FE /* VSMessageStorage */ = {
			isa = PBXGroup;
			children = (
				B67AA65A1A784A1100B734FE /* Images.xcassets */,
				B67AA64A1A784A1100B734FE /* Supporting Files */,
			);
			path = VSMessageStorage;
			sourceTree = "<group>";
		};
		B67AA64A1A784A1100B734FE /* Supporting Files */ = {
			isa = PBXGroup;
			children = (
				B67AA64B1A784A1100B734FE /* Info.plist */,
				B67AA64C1A784A1100B734FE /* main.m */,
			);
			name = "Supporting Files";
			sourceTree = "<group>";
		};
		B67AA6661A784A1100B734FE /* VSMessageStorageTests */ = {
			isa = PBXGroup;
			children = (
				B67AA6691A784A1100B734FE /* VSMessageStorageTests.m */,
				B67AA6671A784A1100B734FE /* Supporting Files */,
			);
			path = VSMessageStorageTests;
			sourceTree = "<group>";
		};
		B67AA6671A784A1100B734FE /* Supporting Files */ = {
			isa = PBXGroup;
			children = (
				B67AA6681A784A1100B734FE /* Info.plist */,
			);
			name = "Supporting Files";
			sourceTree = "<group>";
		};
		B67AA6731A784EEB00B734FE /* GUI */ = {
			isa = PBXGroup;
			children = (
				B67AA7311A7B118000B734FE /* LaunchScreenTest.xib */,
				B67AA64E1A784A1100B734FE /* AppDelegate.h */,
				B67AA64F1A784A1100B734FE /* AppDelegate.m */,
				B67AA6511A784A1100B734FE /* MasterViewController.h */,
				B67AA6521A784A1100B734FE /* MasterViewController.m */,
				B67AA6541A784A1100B734FE /* DetailViewController.h */,
				B67AA6551A784A1100B734FE /* DetailViewController.m */,
				B67AA6571A784A1100B734FE /* Main.storyboard */,
			);
			name = GUI;
			sourceTree = "<group>";
		};
		B67AA6741A784F3600B734FE /* Model */ = {
			isa = PBXGroup;
			children = (
				B67AA6751A784FE800B734FE /* MessagesData.h */,
				B67AA6761A784FE800B734FE /* MessagesData.m */,
				B67AA6781A78541E00B734FE /* MessagesDoc.h */,
				B67AA6791A78541E00B734FE /* MessagesDoc.m */,
			);
			name = Model;
			sourceTree = "<group>";
		};
		B67AA71E1A7B033E00B734FE /* Art */ = {
			isa = PBXGroup;
			children = (
				B67AA7291A7B07E300B734FE /* voltage_logo.png */,
				B67AA7361A7B13A700B734FE /* LaunchScreen.png */,
			);
			name = Art;
			sourceTree = "<group>";
		};
		B67AA73E1A7B16B900B734FE /* SVProgressHUD */ = {
			isa = PBXGroup;
			children = (
				B67AA73F1A7B16B900B734FE /* SVIndefiniteAnimatedView.h */,
				B67AA7401A7B16B900B734FE /* SVIndefiniteAnimatedView.m */,
				B67AA7411A7B16B900B734FE /* SVProgressHUD-Prefix.pch */,
				B67AA7421A7B16B900B734FE /* SVProgressHUD.bundle */,
				B67AA7431A7B16B900B734FE /* SVProgressHUD.h */,
				B67AA7441A7B16B900B734FE /* SVProgressHUD.m */,
			);
			path = SVProgressHUD;
			sourceTree = "<group>";
		};
/* End PBXGroup section */

/* Begin PBXNativeTarget section */
		B67AA6461A784A1100B734FE /* ZDM Helper */ = {
			isa = PBXNativeTarget;
			buildConfigurationList = B67AA66D1A784A1100B734FE /* Build configuration list for PBXNativeTarget "ZDM Helper" */;
			buildPhases = (
				B67AA6431A784A1100B734FE /* Sources */,
				B67AA6441A784A1100B734FE /* Frameworks */,
				B67AA6451A784A1100B734FE /* Resources */,
			);
			buildRules = (
			);
			dependencies = (
			);
			name = "ZDM Helper";
			productName = VSMessageStorage;
			productReference = B67AA6471A784A1100B734FE /* ZDM Helper.app */;
			productType = "com.apple.product-type.application";
		};
		B67AA6621A784A1100B734FE /* ZDM HelperTests */ = {
			isa = PBXNativeTarget;
			buildConfigurationList = B67AA6701A784A1100B734FE /* Build configuration list for PBXNativeTarget "ZDM HelperTests" */;
			buildPhases = (
				B67AA65F1A784A1100B734FE /* Sources */,
				B67AA6601A784A1100B734FE /* Frameworks */,
				B67AA6611A784A1100B734FE /* Resources */,
			);
			buildRules = (
			);
			dependencies = (
				B67AA6651A784A1100B734FE /* PBXTargetDependency */,
			);
			name = "ZDM HelperTests";
			productName = VSMessageStorageTests;
			productReference = B67AA6631A784A1100B734FE /* ZDM HelperTests.xctest */;
			productType = "com.apple.product-type.bundle.unit-test";
		};
/* End PBXNativeTarget section */

/* Begin PBXProject section */
		B67AA63F1A784A1100B734FE /* Project object */ = {
			isa = PBXProject;
			attributes = {
				LastUpgradeCheck = 0610;
				TargetAttributes = {
					B67AA6461A784A1100B734FE = {
						CreatedOnToolsVersion = 6.1.1;
						DevelopmentTeam = KP77FRJP32;
					};
					B67AA6621A784A1100B734FE = {
						CreatedOnToolsVersion = 6.1.1;
						TestTargetID = B67AA6461A784A1100B734FE;
					};
				};
			};
			buildConfigurationList = B67AA6421A784A1100B734FE /* Build configuration list for PBXProject "ZDM Helper" */;
			compatibilityVersion = "Xcode 3.2";
			developmentRegion = English;
			hasScannedForEncodings = 0;
			knownRegions = (
				en,
				Base,
			);
			mainGroup = B67AA63E1A784A1100B734FE;
			productRefGroup = B67AA6481A784A1100B734FE /* Products */;
			projectDirPath = "";
			projectRoot = "";
			targets = (
				B67AA6461A784A1100B734FE /* ZDM Helper */,
				B67AA6621A784A1100B734FE /* ZDM HelperTests */,
			);
		};
/* End PBXProject section */

/* Begin PBXResourcesBuildPhase section */
		B67AA6451A784A1100B734FE /* Resources */ = {
			isa = PBXResourcesBuildPhase;
			buildActionMask = 2147483647;
			files = (
				B67AA7461A7B16B900B734FE /* SVProgressHUD.bundle in Resources */,
				B67AA7591A7BF30D00B734FE /* multi_recip_attach.bundle in Resources */,
				B67AA7371A7B13A700B734FE /* LaunchScreen.png in Resources */,
				B67AA7571A7B4CC700B734FE /* multiple_recipient.bundle in Resources */,
				B67AA7541A7B499E00B734FE /* single_recipient.bundle in Resources */,
				B67AA7331A7B118000B734FE /* LaunchScreenTest.xib in Resources */,
				B67AA72A1A7B07E300B734FE /* voltage_logo.png in Resources */,
				B67AA6591A784A1100B734FE /* Main.storyboard in Resources */,
				B67AA65B1A784A1100B734FE /* Images.xcassets in Resources */,
			);
			runOnlyForDeploymentPostprocessing = 0;
		};
		B67AA6611A784A1100B734FE /* Resources */ = {
			isa = PBXResourcesBuildPhase;
			buildActionMask = 2147483647;
			files = (
			);
			runOnlyForDeploymentPostprocessing = 0;
		};
/* End PBXResourcesBuildPhase section */

/* Begin PBXSourcesBuildPhase section */
		B67AA6431A784A1100B734FE /* Sources */ = {
			isa = PBXSourcesBuildPhase;
			buildActionMask = 2147483647;
			files = (
				B67AA67A1A78541E00B734FE /* MessagesDoc.m in Sources */,
				B67AA7471A7B16B900B734FE /* SVProgressHUD.m in Sources */,
				B67AA6501A784A1100B734FE /* AppDelegate.m in Sources */,
				B67AA6531A784A1100B734FE /* MasterViewController.m in Sources */,
				B67AA6771A784FE800B734FE /* MessagesData.m in Sources */,
				B67AA64D1A784A1100B734FE /* main.m in Sources */,
				B67AA7451A7B16B900B734FE /* SVIndefiniteAnimatedView.m in Sources */,
				B67AA6561A784A1100B734FE /* DetailViewController.m in Sources */,
			);
			runOnlyForDeploymentPostprocessing = 0;
		};
		B67AA65F1A784A1100B734FE /* Sources */ = {
			isa = PBXSourcesBuildPhase;
			buildActionMask = 2147483647;
			files = (
				B67AA66A1A784A1100B734FE /* VSMessageStorageTests.m in Sources */,
			);
			runOnlyForDeploymentPostprocessing = 0;
		};
/* End PBXSourcesBuildPhase section */

/* Begin PBXTargetDependency section */
		B67AA6651A784A1100B734FE /* PBXTargetDependency */ = {
			isa = PBXTargetDependency;
			target = B67AA6461A784A1100B734FE /* ZDM Helper */;
			targetProxy = B67AA6641A784A1100B734FE /* PBXContainerItemProxy */;
		};
/* End PBXTargetDependency section */

/* Begin PBXVariantGroup section */
		B67AA6571A784A1100B734FE /* Main.storyboard */ = {
			isa = PBXVariantGroup;
			children = (
				B67AA6581A784A1100B734FE /* Base */,
			);
			name = Main.storyboard;
			path = VSMessageStorage;
			sourceTree = "<group>";
		};
		B67AA7311A7B118000B734FE /* LaunchScreenTest.xib */ = {
			isa = PBXVariantGroup;
			children = (
				B67AA7321A7B118000B734FE /* Base */,
			);
			name = LaunchScreenTest.xib;
			sourceTree = "<group>";
		};
/* End PBXVariantGroup section */

/* Begin XCBuildConfiguration section */
		B67AA66B1A784A1100B734FE /* Debug */ = {
			isa = XCBuildConfiguration;
			buildSettings = {
				ALWAYS_SEARCH_USER_PATHS = NO;
				CLANG_CXX_LANGUAGE_STANDARD = "gnu++0x";
				CLANG_CXX_LIBRARY = "libc++";
				CLANG_ENABLE_MODULES = YES;
				CLANG_ENABLE_OBJC_ARC = YES;
				CLANG_WARN_BOOL_CONVERSION = YES;
				CLANG_WARN_CONSTANT_CONVERSION = YES;
				CLANG_WARN_DIRECT_OBJC_ISA_USAGE = YES_ERROR;
				CLANG_WARN_EMPTY_BODY = YES;
				CLANG_WARN_ENUM_CONVERSION = YES;
				CLANG_WARN_INT_CONVERSION = YES;
				CLANG_WARN_OBJC_ROOT_CLASS = YES_ERROR;
				CLANG_WARN_UNREACHABLE_CODE = YES;
				CLANG_WARN__DUPLICATE_METHOD_MATCH = YES;
				"CODE_SIGN_IDENTITY[sdk=iphoneos*]" = "iPhone Developer";
				COPY_PHASE_STRIP = NO;
				ENABLE_STRICT_OBJC_MSGSEND = YES;
				GCC_C_LANGUAGE_STANDARD = gnu99;
				GCC_DYNAMIC_NO_PIC = NO;
				GCC_OPTIMIZATION_LEVEL = 0;
				GCC_PREPROCESSOR_DEFINITIONS = (
					"DEBUG=1",
					"$(inherited)",
				);
				GCC_SYMBOLS_PRIVATE_EXTERN = NO;
				GCC_WARN_64_TO_32_BIT_CONVERSION = YES;
				GCC_WARN_ABOUT_RETURN_TYPE = YES_ERROR;
				GCC_WARN_UNDECLARED_SELECTOR = YES;
				GCC_WARN_UNINITIALIZED_AUTOS = YES_AGGRESSIVE;
				GCC_WARN_UNUSED_FUNCTION = YES;
				GCC_WARN_UNUSED_VARIABLE = YES;
				IPHONEOS_DEPLOYMENT_TARGET = 8.1;
				MTL_ENABLE_DEBUG_INFO = YES;
				ONLY_ACTIVE_ARCH = YES;
				SDKROOT = iphoneos;
				TARGETED_DEVICE_FAMILY = "1,2";
			};
			name = Debug;
		};
		B67AA66C1A784A1100B734FE /* Release */ = {
			isa = XCBuildConfiguration;
			buildSettings = {
				ALWAYS_SEARCH_USER_PATHS = NO;
				CLANG_CXX_LANGUAGE_STANDARD = "gnu++0x";
				CLANG_CXX_LIBRARY = "libc++";
				CLANG_ENABLE_MODULES = YES;
				CLANG_ENABLE_OBJC_ARC = YES;
				CLANG_WARN_BOOL_CONVERSION = YES;
				CLANG_WARN_CONSTANT_CONVERSION = YES;
				CLANG_WARN_DIRECT_OBJC_ISA_USAGE = YES_ERROR;
				CLANG_WARN_EMPTY_BODY = YES;
				CLANG_WARN_ENUM_CONVERSION = YES;
				CLANG_WARN_INT_CONVERSION = YES;
				CLANG_WARN_OBJC_ROOT_CLASS = YES_ERROR;
				CLANG_WARN_UNREACHABLE_CODE = YES;
				CLANG_WARN__DUPLICATE_METHOD_MATCH = YES;
				"CODE_SIGN_IDENTITY[sdk=iphoneos*]" = "iPhone Developer";
				COPY_PHASE_STRIP = YES;
				ENABLE_NS_ASSERTIONS = NO;
				ENABLE_STRICT_OBJC_MSGSEND = YES;
				GCC_C_LANGUAGE_STANDARD = gnu99;
				GCC_WARN_64_TO_32_BIT_CONVERSION = YES;
				GCC_WARN_ABOUT_RETURN_TYPE = YES_ERROR;
				GCC_WARN_UNDECLARED_SELECTOR = YES;
				GCC_WARN_UNINITIALIZED_AUTOS = YES_AGGRESSIVE;
				GCC_WARN_UNUSED_FUNCTION = YES;
				GCC_WARN_UNUSED_VARIABLE = YES;
				IPHONEOS_DEPLOYMENT_TARGET = 8.1;
				MTL_ENABLE_DEBUG_INFO = NO;
				SDKROOT = iphoneos;
				TARGETED_DEVICE_FAMILY = "1,2";
				VALIDATE_PRODUCT = YES;
			};
			name = Release;
		};
		B67AA66E1A784A1100B734FE /* Debug */ = {
			isa = XCBuildConfiguration;
			buildSettings = {
				ASSETCATALOG_COMPILER_APPICON_NAME = AppIcon;
				ASSETCATALOG_COMPILER_LAUNCHIMAGE_NAME = "LaunchImage-2";
				INFOPLIST_FILE = VSMessageStorage/Info.plist;
				IPHONEOS_DEPLOYMENT_TARGET = 8.0;
				LD_RUNPATH_SEARCH_PATHS = "$(inherited) @executable_path/Frameworks";
				PRODUCT_NAME = "ZDM Helper";
			};
			name = Debug;
		};
		B67AA66F1A784A1100B734FE /* Release */ = {
			isa = XCBuildConfiguration;
			buildSettings = {
				ASSETCATALOG_COMPILER_APPICON_NAME = AppIcon;
				ASSETCATALOG_COMPILER_LAUNCHIMAGE_NAME = "LaunchImage-2";
				INFOPLIST_FILE = VSMessageStorage/Info.plist;
				IPHONEOS_DEPLOYMENT_TARGET = 8.0;
				LD_RUNPATH_SEARCH_PATHS = "$(inherited) @executable_path/Frameworks";
				PRODUCT_NAME = "ZDM Helper";
			};
			name = Release;
		};
		B67AA6711A784A1100B734FE /* Debug */ = {
			isa = XCBuildConfiguration;
			buildSettings = {
				BUNDLE_LOADER = "$(TEST_HOST)";
				FRAMEWORK_SEARCH_PATHS = (
					"$(SDKROOT)/Developer/Library/Frameworks",
					"$(inherited)",
				);
				GCC_PREPROCESSOR_DEFINITIONS = (
					"DEBUG=1",
					"$(inherited)",
				);
				INFOPLIST_FILE = VSMessageStorageTests/Info.plist;
				LD_RUNPATH_SEARCH_PATHS = "$(inherited) @executable_path/Frameworks @loader_path/Frameworks";
				PRODUCT_NAME = "ZDM HelperTests";
				TEST_HOST = "$(BUILT_PRODUCTS_DIR)/VSMessageStorage.app/VSMessageStorage";
			};
			name = Debug;
		};
		B67AA6721A784A1100B734FE /* Release */ = {
			isa = XCBuildConfiguration;
			buildSettings = {
				BUNDLE_LOADER = "$(TEST_HOST)";
				FRAMEWORK_SEARCH_PATHS = (
					"$(SDKROOT)/Developer/Library/Frameworks",
					"$(inherited)",
				);
				INFOPLIST_FILE = VSMessageStorageTests/Info.plist;
				LD_RUNPATH_SEARCH_PATHS = "$(inherited) @executable_path/Frameworks @loader_path/Frameworks";
				PRODUCT_NAME = "ZDM HelperTests";
				TEST_HOST = "$(BUILT_PRODUCTS_DIR)/VSMessageStorage.app/VSMessageStorage";
			};
			name = Release;
		};
/* End XCBuildConfiguration section */

/* Begin XCConfigurationList section */
		B67AA6421A784A1100B734FE /* Build configuration list for PBXProject "ZDM Helper" */ = {
			isa = XCConfigurationList;
			buildConfigurations = (
				B67AA66B1A784A1100B734FE /* Debug */,
				B67AA66C1A784A1100B734FE /* Release */,
			);
			defaultConfigurationIsVisible = 0;
			defaultConfigurationName = Release;
		};
		B67AA66D1A784A1100B734FE /* Build configuration list for PBXNativeTarget "ZDM Helper" */ = {
			isa = XCConfigurationList;
			buildConfigurations = (
				B67AA66E1A784A1100B734FE /* Debug */,
				B67AA66F1A784A1100B734FE /* Release */,
			);
			defaultConfigurationIsVisible = 0;
			defaultConfigurationName = Release;
		};
		B67AA6701A784A1100B734FE /* Build configuration list for PBXNativeTarget "ZDM HelperTests" */ = {
			isa = XCConfigurationList;
			buildConfigurations = (
				B67AA6711A784A1100B734FE /* Debug */,
				B67AA6721A784A1100B734FE /* Release */,
			);
			defaultConfigurationIsVisible = 0;
			defaultConfigurationName = Release;
		};
/* End XCConfigurationList section */
	};
	rootObject = B67AA63F1A784A1100B734FE /* Project object */;
}
